
Microsoft Visual Studio Solution File, Format Version 12.00
# Visual Studio Version 17
VisualStudioVersion = 17.5.002.0
MinimumVisualStudioVersion = 10.0.40219.1
Project("{9A19103F-16F7-4668-BE54-9A1E7A4F7556}") = "Task1", "Task1\Task1.csproj", "{8EB313F6-995E-4FB5-8106-93C89A7AD2FB}"
EndProject
Project("{FAE04EC0-301F-11D3-BF4B-00C04F79EFBC}") = "Task3", "Task3\Task3.csproj", "{26F49538-D4D1-4DF6-9EC6-7AC22CAF773C}"
EndProject
Project("{FAE04EC0-301F-11D3-BF4B-00C04F79EFBC}") = "Task4", "Task4\Task4.csproj", "{15E9C722-122E-4804-92D1-20D5C9E3C3BC}"
EndProject
Project("{FAE04EC0-301F-11D3-BF4B-00C04F79EFBC}") = "Task5", "Task5\Task5.csproj", "{51DD2E18-AF6E-4236-A262-D04322ACA1D4}"
EndProject
Global
	GlobalSection(SolutionConfigurationPlatforms) = preSolution
		Debug|Any CPU = Debug|Any CPU
		Release|Any CPU = Release|Any CPU
	EndGlobalSection
	GlobalSection(ProjectConfigurationPlatforms) = postSolution
		{8EB313F6-995E-4FB5-8106-93C89A7AD2FB}.Debug|Any CPU.ActiveCfg = Debug|Any CPU
		{8EB313F6-995E-4FB5-8106-93C89A7AD2FB}.Debug|Any CPU.Build.0 = Debug|Any CPU
		{8EB313F6-995E-4FB5-8106-93C89A7AD2FB}.Release|Any CPU.ActiveCfg = Release|Any CPU
		{8EB313F6-995E-4FB5-8106-93C89A7AD2FB}.Release|Any CPU.Build.0 = Release|Any CPU
		{26F49538-D4D1-4DF6-9EC6-7AC22CAF773C}.Debug|Any CPU.ActiveCfg = Debug|Any CPU
		{26F49538-D4D1-4DF6-9EC6-7AC22CAF773C}.Debug|Any CPU.Build.0 = Debug|Any CPU
		{26F49538-D4D1-4DF6-9EC6-7AC22CAF773C}.Release|Any CPU.ActiveCfg = Release|Any CPU
		{26F49538-D4D1-4DF6-9EC6-7AC22CAF773C}.Release|Any CPU.Build.0 = Release|Any CPU
		{15E9C722-122E-4804-92D1-20D5C9E3C3BC}.Debug|Any CPU.ActiveCfg = Debug|Any CPU
		{15E9C722-122E-4804-92D1-20D5C9E3C3BC}.Debug|Any CPU.Build.0 = Debug|Any CPU
		{15E9C722-122E-4804-92D1-20D5C9E3C3BC}.Release|Any CPU.ActiveCfg = Release|Any CPU
		{15E9C722-122E-4804-92D1-20D5C9E3C3BC}.Release|Any CPU.Build.0 = Release|Any CPU
		{51DD2E18-AF6E-4236-A262-D04322ACA1D4}.Debug|Any CPU.ActiveCfg = Debug|Any CPU
		{51DD2E18-AF6E-4236-A262-D04322ACA1D4}.Debug|Any CPU.Build.0 = Debug|Any CPU
		{51DD2E18-AF6E-4236-A262-D04322ACA1D4}.Release|Any CPU.ActiveCfg = Release|Any CPU
		{51DD2E18-AF6E-4236-A262-D04322ACA1D4}.Release|Any CPU.Build.0 = Release|Any CPU
	EndGlobalSection
	GlobalSection(SolutionProperties) = preSolution
		HideSolutionNode = FALSE
	EndGlobalSection
	GlobalSection(ExtensibilityGlobals) = postSolution
		SolutionGuid = {8AD23D2E-207A-4031-8A99-83009F7C7218}
	EndGlobalSection
EndGlobal
